
Microsoft Visual Studio Solution File, Format Version 12.00
# Visual Studio Version 17
VisualStudioVersion = 17.2.32519.379
MinimumVisualStudioVersion = 10.0.40219.1
Project("{FAE04EC0-301F-11D3-BF4B-00C04F79EFBC}") = "Cartify", "Cartify\Cartify.csproj", "{F86EF061-974C-497D-A4B7-C839F4749980}"
EndProject
Global
	GlobalSection(SolutionConfigurationPlatforms) = preSolution
		Debug|Any CPU = Debug|Any CPU
		Release|Any CPU = Release|Any CPU
	EndGlobalSection
	GlobalSection(ProjectConfigurationPlatforms) = postSolution
		{F86EF061-974C-497D-A4B7-C839F4749980}.Debug|Any CPU.ActiveCfg = Debug|Any CPU
		{F86EF061-974C-497D-A4B7-C839F4749980}.Debug|Any CPU.Build.0 = Debug|Any CPU
		{F86EF061-974C-497D-A4B7-C839F4749980}.Release|Any CPU.ActiveCfg = Release|Any CPU
		{F86EF061-974C-497D-A4B7-C839F4749980}.Release|Any CPU.Build.0 = Release|Any CPU
	EndGlobalSection
	GlobalSection(SolutionProperties) = preSolution
		HideSolutionNode = FALSE
	EndGlobalSection
	GlobalSection(ExtensibilityGlobals) = postSolution
		SolutionGuid = {8BD04B46-895B-448B-9C81-DA293C17692A}
	EndGlobalSection
EndGlobal
